
Microsoft Visual Studio Solution File, Format Version 11.00
# Visual Studio 2010
Project("{FAE04EC0-301F-11D3-BF4B-00C04F79EFBC}") = "SIM.Desktop", "SIM.Desktop\SIM.Desktop.csproj", "{E93C6A3C-1865-426A-B8B1-1C88A6314A77}"
EndProject
Project("{FAE04EC0-301F-11D3-BF4B-00C04F79EFBC}") = "Sim.Gui", "Sim.Themes\Sim.Gui.csproj", "{9653F717-4DCC-442D-892B-6147DFD7FE52}"
EndProject
Project("{FAE04EC0-301F-11D3-BF4B-00C04F79EFBC}") = "Sim.Pdf", "Sim.Pdf\Sim.Pdf.csproj", "{8C214300-E120-422C-9E01-183B8565419F}"
EndProject
Project("{FAE04EC0-301F-11D3-BF4B-00C04F79EFBC}") = "PdfSharp", "PdfSharp\PdfSharp.csproj", "{5384CE57-1F94-4D22-860D-2E9C1AC12DDF}"
EndProject
Project("{FAE04EC0-301F-11D3-BF4B-00C04F79EFBC}") = "Sim.App", "Sim.App\Sim.App.csproj", "{FAAAD624-48EA-47F0-B08A-6E7EB5742AC6}"
EndProject
Project("{FAE04EC0-301F-11D3-BF4B-00C04F79EFBC}") = "Sim.DataAccess", "Sim.DataAccess\Sim.DataAccess.csproj", "{07EF3982-F1C5-4A28-94EC-410C672DF3AC}"
EndProject
Project("{FAE04EC0-301F-11D3-BF4B-00C04F79EFBC}") = "Login", "SIM.Modulos\Login\Login.csproj", "{53EA543D-9B71-4A00-8A8B-2D60DACA6240}"
EndProject
Project("{FAE04EC0-301F-11D3-BF4B-00C04F79EFBC}") = "Contratos", "SIM.Modulos\SIM.Contratos\Contratos.csproj", "{826E8F70-52D1-4111-8310-310FDA195B26}"
EndProject
Project("{FAE04EC0-301F-11D3-BF4B-00C04F79EFBC}") = "Legislacao", "SIM.Modulos\SIM.Legislacao\Legislacao.csproj", "{EE423A05-ACE5-44D5-939F-DF513FBA009D}"
EndProject
Project("{FAE04EC0-301F-11D3-BF4B-00C04F79EFBC}") = "Portarias", "SIM.Modulos\SIM.Portarias\Portarias.csproj", "{195DCE57-9148-4AE3-A397-8B9227BB9FE0}"
EndProject
Global
	GlobalSection(SolutionConfigurationPlatforms) = preSolution
		Debug|Any CPU = Debug|Any CPU
		Release|Any CPU = Release|Any CPU
	EndGlobalSection
	GlobalSection(ProjectConfigurationPlatforms) = postSolution
		{E93C6A3C-1865-426A-B8B1-1C88A6314A77}.Debug|Any CPU.ActiveCfg = Debug|Any CPU
		{E93C6A3C-1865-426A-B8B1-1C88A6314A77}.Debug|Any CPU.Build.0 = Debug|Any CPU
		{E93C6A3C-1865-426A-B8B1-1C88A6314A77}.Release|Any CPU.ActiveCfg = Release|Any CPU
		{E93C6A3C-1865-426A-B8B1-1C88A6314A77}.Release|Any CPU.Build.0 = Release|Any CPU
		{9653F717-4DCC-442D-892B-6147DFD7FE52}.Debug|Any CPU.ActiveCfg = Debug|Any CPU
		{9653F717-4DCC-442D-892B-6147DFD7FE52}.Debug|Any CPU.Build.0 = Debug|Any CPU
		{9653F717-4DCC-442D-892B-6147DFD7FE52}.Release|Any CPU.ActiveCfg = Release|Any CPU
		{9653F717-4DCC-442D-892B-6147DFD7FE52}.Release|Any CPU.Build.0 = Release|Any CPU
		{8C214300-E120-422C-9E01-183B8565419F}.Debug|Any CPU.ActiveCfg = Debug|Any CPU
		{8C214300-E120-422C-9E01-183B8565419F}.Debug|Any CPU.Build.0 = Debug|Any CPU
		{8C214300-E120-422C-9E01-183B8565419F}.Release|Any CPU.ActiveCfg = Release|Any CPU
		{8C214300-E120-422C-9E01-183B8565419F}.Release|Any CPU.Build.0 = Release|Any CPU
		{5384CE57-1F94-4D22-860D-2E9C1AC12DDF}.Debug|Any CPU.ActiveCfg = Debug|Any CPU
		{5384CE57-1F94-4D22-860D-2E9C1AC12DDF}.Debug|Any CPU.Build.0 = Debug|Any CPU
		{5384CE57-1F94-4D22-860D-2E9C1AC12DDF}.Release|Any CPU.ActiveCfg = Release|Any CPU
		{5384CE57-1F94-4D22-860D-2E9C1AC12DDF}.Release|Any CPU.Build.0 = Release|Any CPU
		{FAAAD624-48EA-47F0-B08A-6E7EB5742AC6}.Debug|Any CPU.ActiveCfg = Debug|Any CPU
		{FAAAD624-48EA-47F0-B08A-6E7EB5742AC6}.Debug|Any CPU.Build.0 = Debug|Any CPU
		{FAAAD624-48EA-47F0-B08A-6E7EB5742AC6}.Release|Any CPU.ActiveCfg = Release|Any CPU
		{FAAAD624-48EA-47F0-B08A-6E7EB5742AC6}.Release|Any CPU.Build.0 = Release|Any CPU
		{07EF3982-F1C5-4A28-94EC-410C672DF3AC}.Debug|Any CPU.ActiveCfg = Debug|Any CPU
		{07EF3982-F1C5-4A28-94EC-410C672DF3AC}.Debug|Any CPU.Build.0 = Debug|Any CPU
		{07EF3982-F1C5-4A28-94EC-410C672DF3AC}.Release|Any CPU.ActiveCfg = Release|Any CPU
		{07EF3982-F1C5-4A28-94EC-410C672DF3AC}.Release|Any CPU.Build.0 = Release|Any CPU
		{53EA543D-9B71-4A00-8A8B-2D60DACA6240}.Debug|Any CPU.ActiveCfg = Debug|Any CPU
		{53EA543D-9B71-4A00-8A8B-2D60DACA6240}.Debug|Any CPU.Build.0 = Debug|Any CPU
		{53EA543D-9B71-4A00-8A8B-2D60DACA6240}.Release|Any CPU.ActiveCfg = Release|Any CPU
		{53EA543D-9B71-4A00-8A8B-2D60DACA6240}.Release|Any CPU.Build.0 = Release|Any CPU
		{826E8F70-52D1-4111-8310-310FDA195B26}.Debug|Any CPU.ActiveCfg = Debug|Any CPU
		{826E8F70-52D1-4111-8310-310FDA195B26}.Debug|Any CPU.Build.0 = Debug|Any CPU
		{826E8F70-52D1-4111-8310-310FDA195B26}.Release|Any CPU.ActiveCfg = Release|Any CPU
		{826E8F70-52D1-4111-8310-310FDA195B26}.Release|Any CPU.Build.0 = Release|Any CPU
		{EE423A05-ACE5-44D5-939F-DF513FBA009D}.Debug|Any CPU.ActiveCfg = Debug|Any CPU
		{EE423A05-ACE5-44D5-939F-DF513FBA009D}.Debug|Any CPU.Build.0 = Debug|Any CPU
		{EE423A05-ACE5-44D5-939F-DF513FBA009D}.Release|Any CPU.ActiveCfg = Release|Any CPU
		{EE423A05-ACE5-44D5-939F-DF513FBA009D}.Release|Any CPU.Build.0 = Release|Any CPU
		{195DCE57-9148-4AE3-A397-8B9227BB9FE0}.Debug|Any CPU.ActiveCfg = Debug|Any CPU
		{195DCE57-9148-4AE3-A397-8B9227BB9FE0}.Debug|Any CPU.Build.0 = Debug|Any CPU
		{195DCE57-9148-4AE3-A397-8B9227BB9FE0}.Release|Any CPU.ActiveCfg = Release|Any CPU
		{195DCE57-9148-4AE3-A397-8B9227BB9FE0}.Release|Any CPU.Build.0 = Release|Any CPU
	EndGlobalSection
	GlobalSection(SolutionProperties) = preSolution
		HideSolutionNode = FALSE
	EndGlobalSection
EndGlobal
